
Microsoft Visual Studio Solution File, Format Version 12.00
# Visual Studio Version 17
VisualStudioVersion = 17.0.31903.59
MinimumVisualStudioVersion = 10.0.40219.1
Project("{FAE04EC0-301F-11D3-BF4B-00C04F79EFBC}") = "MoneyExtension", "MoneyExtension\MoneyExtension.csproj", "{F2F60E2E-5A7C-40D7-8A23-4A3558C0057D}"
EndProject
Project("{FAE04EC0-301F-11D3-BF4B-00C04F79EFBC}") = "MoneyExtension.Tests", "MoneyExtension.Tests\MoneyExtension.Tests.csproj", "{CD72A456-38A5-43F3-9638-C6F89292BCB8}"
EndProject
Project("{2150E333-8FDC-42A3-9474-1A3956D46DE8}") = ".github", ".github", "{02EA681E-C7D8-13C7-8484-4AC65E1B71E8}"
EndProject
Project("{2150E333-8FDC-42A3-9474-1A3956D46DE8}") = "workflows", "workflows", "{598A1400-19EE-4136-8BE5-15B86DE88D24}"
	ProjectSection(SolutionItems) = preProject
		main.yml = main.yml
	EndProjectSection
EndProject
Global
	GlobalSection(SolutionConfigurationPlatforms) = preSolution
		Debug|Any CPU = Debug|Any CPU
		Debug|x64 = Debug|x64
		Debug|x86 = Debug|x86
		Release|Any CPU = Release|Any CPU
		Release|x64 = Release|x64
		Release|x86 = Release|x86
	EndGlobalSection
	GlobalSection(ProjectConfigurationPlatforms) = postSolution
		{F2F60E2E-5A7C-40D7-8A23-4A3558C0057D}.Debug|Any CPU.ActiveCfg = Debug|Any CPU
		{F2F60E2E-5A7C-40D7-8A23-4A3558C0057D}.Debug|Any CPU.Build.0 = Debug|Any CPU
		{F2F60E2E-5A7C-40D7-8A23-4A3558C0057D}.Debug|x64.ActiveCfg = Debug|Any CPU
		{F2F60E2E-5A7C-40D7-8A23-4A3558C0057D}.Debug|x64.Build.0 = Debug|Any CPU
		{F2F60E2E-5A7C-40D7-8A23-4A3558C0057D}.Debug|x86.ActiveCfg = Debug|Any CPU
		{F2F60E2E-5A7C-40D7-8A23-4A3558C0057D}.Debug|x86.Build.0 = Debug|Any CPU
		{F2F60E2E-5A7C-40D7-8A23-4A3558C0057D}.Release|Any CPU.ActiveCfg = Release|Any CPU
		{F2F60E2E-5A7C-40D7-8A23-4A3558C0057D}.Release|Any CPU.Build.0 = Release|Any CPU
		{F2F60E2E-5A7C-40D7-8A23-4A3558C0057D}.Release|x64.ActiveCfg = Release|Any CPU
		{F2F60E2E-5A7C-40D7-8A23-4A3558C0057D}.Release|x64.Build.0 = Release|Any CPU
		{F2F60E2E-5A7C-40D7-8A23-4A3558C0057D}.Release|x86.ActiveCfg = Release|Any CPU
		{F2F60E2E-5A7C-40D7-8A23-4A3558C0057D}.Release|x86.Build.0 = Release|Any CPU
		{CD72A456-38A5-43F3-9638-C6F89292BCB8}.Debug|Any CPU.ActiveCfg = Debug|Any CPU
		{CD72A456-38A5-43F3-9638-C6F89292BCB8}.Debug|Any CPU.Build.0 = Debug|Any CPU
		{CD72A456-38A5-43F3-9638-C6F89292BCB8}.Debug|x64.ActiveCfg = Debug|Any CPU
		{CD72A456-38A5-43F3-9638-C6F89292BCB8}.Debug|x64.Build.0 = Debug|Any CPU
		{CD72A456-38A5-43F3-9638-C6F89292BCB8}.Debug|x86.ActiveCfg = Debug|Any CPU
		{CD72A456-38A5-43F3-9638-C6F89292BCB8}.Debug|x86.Build.0 = Debug|Any CPU
		{CD72A456-38A5-43F3-9638-C6F89292BCB8}.Release|Any CPU.ActiveCfg = Release|Any CPU
		{CD72A456-38A5-43F3-9638-C6F89292BCB8}.Release|Any CPU.Build.0 = Release|Any CPU
		{CD72A456-38A5-43F3-9638-C6F89292BCB8}.Release|x64.ActiveCfg = Release|Any CPU
		{CD72A456-38A5-43F3-9638-C6F89292BCB8}.Release|x64.Build.0 = Release|Any CPU
		{CD72A456-38A5-43F3-9638-C6F89292BCB8}.Release|x86.ActiveCfg = Release|Any CPU
		{CD72A456-38A5-43F3-9638-C6F89292BCB8}.Release|x86.Build.0 = Release|Any CPU
	EndGlobalSection
	GlobalSection(SolutionProperties) = preSolution
		HideSolutionNode = FALSE
	EndGlobalSection
	GlobalSection(NestedProjects) = preSolution
		{598A1400-19EE-4136-8BE5-15B86DE88D24} = {02EA681E-C7D8-13C7-8484-4AC65E1B71E8}
	EndGlobalSection
	GlobalSection(ExtensibilityGlobals) = postSolution
		SolutionGuid = {17ADCB5D-978D-4349-94D5-3CDC03AF2AE0}
	EndGlobalSection
EndGlobal
