
Microsoft Visual Studio Solution File, Format Version 12.00
# Visual Studio Version 17
VisualStudioVersion = 17.14.36414.22 d17.14
MinimumVisualStudioVersion = 10.0.40219.1
Project("{FAE04EC0-301F-11D3-BF4B-00C04F79EFBC}") = "DDD", "DDD\DDD.csproj", "{3B9F56F8-8E0F-426F-B2F6-A9380C0674A5}"
EndProject
Global
	GlobalSection(SolutionConfigurationPlatforms) = preSolution
		Debug|Any CPU = Debug|Any CPU
		Release|Any CPU = Release|Any CPU
	EndGlobalSection
	GlobalSection(ProjectConfigurationPlatforms) = postSolution
		{3B9F56F8-8E0F-426F-B2F6-A9380C0674A5}.Debug|Any CPU.ActiveCfg = Debug|Any CPU
		{3B9F56F8-8E0F-426F-B2F6-A9380C0674A5}.Debug|Any CPU.Build.0 = Debug|Any CPU
		{3B9F56F8-8E0F-426F-B2F6-A9380C0674A5}.Release|Any CPU.ActiveCfg = Release|Any CPU
		{3B9F56F8-8E0F-426F-B2F6-A9380C0674A5}.Release|Any CPU.Build.0 = Release|Any CPU
	EndGlobalSection
	GlobalSection(SolutionProperties) = preSolution
		HideSolutionNode = FALSE
	EndGlobalSection
	GlobalSection(ExtensibilityGlobals) = postSolution
		SolutionGuid = {3B5D9CC9-DDF8-4D1B-81EE-AD8B5CEE3531}
	EndGlobalSection
EndGlobal
