
Microsoft Visual Studio Solution File, Format Version 12.00
# Visual Studio Version 17
VisualStudioVersion = 17.0.31903.59
MinimumVisualStudioVersion = 10.0.40219.1
Project("{FAE04EC0-301F-11D3-BF4B-00C04F79EFBC}") = "CleanStore.Api", "CleanStore.Api\CleanStore.Api.csproj", "{761ACDE8-7622-4877-8CD2-38171B0BBFB1}"
EndProject
Project("{FAE04EC0-301F-11D3-BF4B-00C04F79EFBC}") = "CleanStore.Domain", "CleanStore.Domain\CleanStore.Domain.csproj", "{2D9FA75D-F5DC-4DA8-9ECF-81242F969E46}"
EndProject
Project("{FAE04EC0-301F-11D3-BF4B-00C04F79EFBC}") = "CleanStore.Application", "CleanStore.Application\CleanStore.Application.csproj", "{5E8AD44E-FDB7-453F-A5D0-D0993AA004AF}"
EndProject
Project("{FAE04EC0-301F-11D3-BF4B-00C04F79EFBC}") = "CleanStore.Infrastructure", "CleanStore.Infrastructure\CleanStore.Infrastructure.csproj", "{71898C18-29B9-4576-979F-404DEFC93C99}"
EndProject
Global
	GlobalSection(SolutionConfigurationPlatforms) = preSolution
		Debug|Any CPU = Debug|Any CPU
		Debug|x64 = Debug|x64
		Debug|x86 = Debug|x86
		Release|Any CPU = Release|Any CPU
		Release|x64 = Release|x64
		Release|x86 = Release|x86
	EndGlobalSection
	GlobalSection(ProjectConfigurationPlatforms) = postSolution
		{761ACDE8-7622-4877-8CD2-38171B0BBFB1}.Debug|Any CPU.ActiveCfg = Debug|Any CPU
		{761ACDE8-7622-4877-8CD2-38171B0BBFB1}.Debug|Any CPU.Build.0 = Debug|Any CPU
		{761ACDE8-7622-4877-8CD2-38171B0BBFB1}.Debug|x64.ActiveCfg = Debug|Any CPU
		{761ACDE8-7622-4877-8CD2-38171B0BBFB1}.Debug|x64.Build.0 = Debug|Any CPU
		{761ACDE8-7622-4877-8CD2-38171B0BBFB1}.Debug|x86.ActiveCfg = Debug|Any CPU
		{761ACDE8-7622-4877-8CD2-38171B0BBFB1}.Debug|x86.Build.0 = Debug|Any CPU
		{761ACDE8-7622-4877-8CD2-38171B0BBFB1}.Release|Any CPU.ActiveCfg = Release|Any CPU
		{761ACDE8-7622-4877-8CD2-38171B0BBFB1}.Release|Any CPU.Build.0 = Release|Any CPU
		{761ACDE8-7622-4877-8CD2-38171B0BBFB1}.Release|x64.ActiveCfg = Release|Any CPU
		{761ACDE8-7622-4877-8CD2-38171B0BBFB1}.Release|x64.Build.0 = Release|Any CPU
		{761ACDE8-7622-4877-8CD2-38171B0BBFB1}.Release|x86.ActiveCfg = Release|Any CPU
		{761ACDE8-7622-4877-8CD2-38171B0BBFB1}.Release|x86.Build.0 = Release|Any CPU
		{2D9FA75D-F5DC-4DA8-9ECF-81242F969E46}.Debug|Any CPU.ActiveCfg = Debug|Any CPU
		{2D9FA75D-F5DC-4DA8-9ECF-81242F969E46}.Debug|Any CPU.Build.0 = Debug|Any CPU
		{2D9FA75D-F5DC-4DA8-9ECF-81242F969E46}.Debug|x64.ActiveCfg = Debug|Any CPU
		{2D9FA75D-F5DC-4DA8-9ECF-81242F969E46}.Debug|x64.Build.0 = Debug|Any CPU
		{2D9FA75D-F5DC-4DA8-9ECF-81242F969E46}.Debug|x86.ActiveCfg = Debug|Any CPU
		{2D9FA75D-F5DC-4DA8-9ECF-81242F969E46}.Debug|x86.Build.0 = Debug|Any CPU
		{2D9FA75D-F5DC-4DA8-9ECF-81242F969E46}.Release|Any CPU.ActiveCfg = Release|Any CPU
		{2D9FA75D-F5DC-4DA8-9ECF-81242F969E46}.Release|Any CPU.Build.0 = Release|Any CPU
		{2D9FA75D-F5DC-4DA8-9ECF-81242F969E46}.Release|x64.ActiveCfg = Release|Any CPU
		{2D9FA75D-F5DC-4DA8-9ECF-81242F969E46}.Release|x64.Build.0 = Release|Any CPU
		{2D9FA75D-F5DC-4DA8-9ECF-81242F969E46}.Release|x86.ActiveCfg = Release|Any CPU
		{2D9FA75D-F5DC-4DA8-9ECF-81242F969E46}.Release|x86.Build.0 = Release|Any CPU
		{5E8AD44E-FDB7-453F-A5D0-D0993AA004AF}.Debug|Any CPU.ActiveCfg = Debug|Any CPU
		{5E8AD44E-FDB7-453F-A5D0-D0993AA004AF}.Debug|Any CPU.Build.0 = Debug|Any CPU
		{5E8AD44E-FDB7-453F-A5D0-D0993AA004AF}.Debug|x64.ActiveCfg = Debug|Any CPU
		{5E8AD44E-FDB7-453F-A5D0-D0993AA004AF}.Debug|x64.Build.0 = Debug|Any CPU
		{5E8AD44E-FDB7-453F-A5D0-D0993AA004AF}.Debug|x86.ActiveCfg = Debug|Any CPU
		{5E8AD44E-FDB7-453F-A5D0-D0993AA004AF}.Debug|x86.Build.0 = Debug|Any CPU
		{5E8AD44E-FDB7-453F-A5D0-D0993AA004AF}.Release|Any CPU.ActiveCfg = Release|Any CPU
		{5E8AD44E-FDB7-453F-A5D0-D0993AA004AF}.Release|Any CPU.Build.0 = Release|Any CPU
		{5E8AD44E-FDB7-453F-A5D0-D0993AA004AF}.Release|x64.ActiveCfg = Release|Any CPU
		{5E8AD44E-FDB7-453F-A5D0-D0993AA004AF}.Release|x64.Build.0 = Release|Any CPU
		{5E8AD44E-FDB7-453F-A5D0-D0993AA004AF}.Release|x86.ActiveCfg = Release|Any CPU
		{5E8AD44E-FDB7-453F-A5D0-D0993AA004AF}.Release|x86.Build.0 = Release|Any CPU
		{71898C18-29B9-4576-979F-404DEFC93C99}.Debug|Any CPU.ActiveCfg = Debug|Any CPU
		{71898C18-29B9-4576-979F-404DEFC93C99}.Debug|Any CPU.Build.0 = Debug|Any CPU
		{71898C18-29B9-4576-979F-404DEFC93C99}.Debug|x64.ActiveCfg = Debug|Any CPU
		{71898C18-29B9-4576-979F-404DEFC93C99}.Debug|x64.Build.0 = Debug|Any CPU
		{71898C18-29B9-4576-979F-404DEFC93C99}.Debug|x86.ActiveCfg = Debug|Any CPU
		{71898C18-29B9-4576-979F-404DEFC93C99}.Debug|x86.Build.0 = Debug|Any CPU
		{71898C18-29B9-4576-979F-404DEFC93C99}.Release|Any CPU.ActiveCfg = Release|Any CPU
		{71898C18-29B9-4576-979F-404DEFC93C99}.Release|Any CPU.Build.0 = Release|Any CPU
		{71898C18-29B9-4576-979F-404DEFC93C99}.Release|x64.ActiveCfg = Release|Any CPU
		{71898C18-29B9-4576-979F-404DEFC93C99}.Release|x64.Build.0 = Release|Any CPU
		{71898C18-29B9-4576-979F-404DEFC93C99}.Release|x86.ActiveCfg = Release|Any CPU
		{71898C18-29B9-4576-979F-404DEFC93C99}.Release|x86.Build.0 = Release|Any CPU
	EndGlobalSection
	GlobalSection(SolutionProperties) = preSolution
		HideSolutionNode = FALSE
	EndGlobalSection
EndGlobal
