
Microsoft Visual Studio Solution File, Format Version 12.00
# Visual Studio Version 17
VisualStudioVersion = 17.14.36221.1
MinimumVisualStudioVersion = 10.0.40219.1
Project("{FAE04EC0-301F-11D3-BF4B-00C04F79EFBC}") = "UtmBuilder.Core", "UtmBuilder.Core\UtmBuilder.Core.csproj", "{06A41432-3F25-47A8-9FD8-C79C2F874CC1}"
EndProject
Project("{FAE04EC0-301F-11D3-BF4B-00C04F79EFBC}") = "UtmBuilder.Core.Tests", "UtmBuilder.Core.Tests\UtmBuilder.Core.Tests.csproj", "{AB0E3CFB-FB8B-40A7-8142-AB143C58121B}"
EndProject
Global
	GlobalSection(SolutionConfigurationPlatforms) = preSolution
		Debug|Any CPU = Debug|Any CPU
		Debug|x64 = Debug|x64
		Debug|x86 = Debug|x86
		Release|Any CPU = Release|Any CPU
		Release|x64 = Release|x64
		Release|x86 = Release|x86
	EndGlobalSection
	GlobalSection(ProjectConfigurationPlatforms) = postSolution
		{06A41432-3F25-47A8-9FD8-C79C2F874CC1}.Debug|Any CPU.ActiveCfg = Debug|Any CPU
		{06A41432-3F25-47A8-9FD8-C79C2F874CC1}.Debug|Any CPU.Build.0 = Debug|Any CPU
		{06A41432-3F25-47A8-9FD8-C79C2F874CC1}.Debug|x64.ActiveCfg = Debug|Any CPU
		{06A41432-3F25-47A8-9FD8-C79C2F874CC1}.Debug|x64.Build.0 = Debug|Any CPU
		{06A41432-3F25-47A8-9FD8-C79C2F874CC1}.Debug|x86.ActiveCfg = Debug|Any CPU
		{06A41432-3F25-47A8-9FD8-C79C2F874CC1}.Debug|x86.Build.0 = Debug|Any CPU
		{06A41432-3F25-47A8-9FD8-C79C2F874CC1}.Release|Any CPU.ActiveCfg = Release|Any CPU
		{06A41432-3F25-47A8-9FD8-C79C2F874CC1}.Release|Any CPU.Build.0 = Release|Any CPU
		{06A41432-3F25-47A8-9FD8-C79C2F874CC1}.Release|x64.ActiveCfg = Release|Any CPU
		{06A41432-3F25-47A8-9FD8-C79C2F874CC1}.Release|x64.Build.0 = Release|Any CPU
		{06A41432-3F25-47A8-9FD8-C79C2F874CC1}.Release|x86.ActiveCfg = Release|Any CPU
		{06A41432-3F25-47A8-9FD8-C79C2F874CC1}.Release|x86.Build.0 = Release|Any CPU
		{AB0E3CFB-FB8B-40A7-8142-AB143C58121B}.Debug|Any CPU.ActiveCfg = Debug|Any CPU
		{AB0E3CFB-FB8B-40A7-8142-AB143C58121B}.Debug|Any CPU.Build.0 = Debug|Any CPU
		{AB0E3CFB-FB8B-40A7-8142-AB143C58121B}.Debug|x64.ActiveCfg = Debug|Any CPU
		{AB0E3CFB-FB8B-40A7-8142-AB143C58121B}.Debug|x64.Build.0 = Debug|Any CPU
		{AB0E3CFB-FB8B-40A7-8142-AB143C58121B}.Debug|x86.ActiveCfg = Debug|Any CPU
		{AB0E3CFB-FB8B-40A7-8142-AB143C58121B}.Debug|x86.Build.0 = Debug|Any CPU
		{AB0E3CFB-FB8B-40A7-8142-AB143C58121B}.Release|Any CPU.ActiveCfg = Release|Any CPU
		{AB0E3CFB-FB8B-40A7-8142-AB143C58121B}.Release|Any CPU.Build.0 = Release|Any CPU
		{AB0E3CFB-FB8B-40A7-8142-AB143C58121B}.Release|x64.ActiveCfg = Release|Any CPU
		{AB0E3CFB-FB8B-40A7-8142-AB143C58121B}.Release|x64.Build.0 = Release|Any CPU
		{AB0E3CFB-FB8B-40A7-8142-AB143C58121B}.Release|x86.ActiveCfg = Release|Any CPU
		{AB0E3CFB-FB8B-40A7-8142-AB143C58121B}.Release|x86.Build.0 = Release|Any CPU
	EndGlobalSection
	GlobalSection(SolutionProperties) = preSolution
		HideSolutionNode = FALSE
	EndGlobalSection
	GlobalSection(ExtensibilityGlobals) = postSolution
		SolutionGuid = {E058F927-1416-486F-82BE-5059C9B943D9}
	EndGlobalSection
EndGlobal
