
Microsoft Visual Studio Solution File, Format Version 12.00
# Visual Studio Version 17
VisualStudioVersion = 17.0.31903.59
MinimumVisualStudioVersion = 10.0.40219.1
Project("{FAE04EC0-301F-11D3-BF4B-00C04F79EFBC}") = "Mediator", "Mediator\Mediator.csproj", "{B14ED919-157A-4907-AD75-83F4987B2B6C}"
EndProject
Project("{FAE04EC0-301F-11D3-BF4B-00C04F79EFBC}") = "Mediator.Samples", "Mediator.Samples\Mediator.Samples.csproj", "{EF9E91AA-0C33-44BF-B496-C3550EDD3460}"
EndProject
Project("{FAE04EC0-301F-11D3-BF4B-00C04F79EFBC}") = "Mediator.Abstractions", "Mediator.Abstractions\Mediator.Abstractions.csproj", "{A40CCC0D-0AC8-4710-8AD7-7513DDC65311}"
EndProject
Project("{2150E333-8FDC-42A3-9474-1A3956D46DE8}") = "Samples", "Samples", "{02EA681E-C7D8-13C7-8484-4AC65E1B71E8}"
EndProject
Project("{2150E333-8FDC-42A3-9474-1A3956D46DE8}") = "Clean Architecture", "Clean Architecture", "{8FA67FAB-0246-43F9-84E7-9AE927DB74AE}"
EndProject
Project("{FAE04EC0-301F-11D3-BF4B-00C04F79EFBC}") = "MyMediator.Domain", "Clean Architecture\MyMediator.Domain\MyMediator.Domain.csproj", "{BAE958CB-2B11-4B8E-A45F-A329350F94F5}"
EndProject
Project("{FAE04EC0-301F-11D3-BF4B-00C04F79EFBC}") = "MyMediator.Api", "Clean Architecture\MyMediator.Api\MyMediator.Api.csproj", "{34EB406E-384D-422B-A405-84D86CC2FBE5}"
EndProject
Project("{FAE04EC0-301F-11D3-BF4B-00C04F79EFBC}") = "MyMediator.Application", "Clean Architecture\MyMediator.Application\MyMediator.Application.csproj", "{476F3395-443E-434D-B2A8-56C0760AE1FC}"
EndProject
Project("{FAE04EC0-301F-11D3-BF4B-00C04F79EFBC}") = "MyMediator.Infra", "Clean Architecture\MyMediator.Infra\MyMediator.Infra.csproj", "{B94566D6-F3E6-44CE-813E-D22D7995F523}"
EndProject
Global
	GlobalSection(SolutionConfigurationPlatforms) = preSolution
		Debug|Any CPU = Debug|Any CPU
		Debug|x64 = Debug|x64
		Debug|x86 = Debug|x86
		Release|Any CPU = Release|Any CPU
		Release|x64 = Release|x64
		Release|x86 = Release|x86
	EndGlobalSection
	GlobalSection(ProjectConfigurationPlatforms) = postSolution
		{B14ED919-157A-4907-AD75-83F4987B2B6C}.Debug|Any CPU.ActiveCfg = Debug|Any CPU
		{B14ED919-157A-4907-AD75-83F4987B2B6C}.Debug|Any CPU.Build.0 = Debug|Any CPU
		{B14ED919-157A-4907-AD75-83F4987B2B6C}.Debug|x64.ActiveCfg = Debug|Any CPU
		{B14ED919-157A-4907-AD75-83F4987B2B6C}.Debug|x64.Build.0 = Debug|Any CPU
		{B14ED919-157A-4907-AD75-83F4987B2B6C}.Debug|x86.ActiveCfg = Debug|Any CPU
		{B14ED919-157A-4907-AD75-83F4987B2B6C}.Debug|x86.Build.0 = Debug|Any CPU
		{B14ED919-157A-4907-AD75-83F4987B2B6C}.Release|Any CPU.ActiveCfg = Release|Any CPU
		{B14ED919-157A-4907-AD75-83F4987B2B6C}.Release|Any CPU.Build.0 = Release|Any CPU
		{B14ED919-157A-4907-AD75-83F4987B2B6C}.Release|x64.ActiveCfg = Release|Any CPU
		{B14ED919-157A-4907-AD75-83F4987B2B6C}.Release|x64.Build.0 = Release|Any CPU
		{B14ED919-157A-4907-AD75-83F4987B2B6C}.Release|x86.ActiveCfg = Release|Any CPU
		{B14ED919-157A-4907-AD75-83F4987B2B6C}.Release|x86.Build.0 = Release|Any CPU
		{EF9E91AA-0C33-44BF-B496-C3550EDD3460}.Debug|Any CPU.ActiveCfg = Debug|Any CPU
		{EF9E91AA-0C33-44BF-B496-C3550EDD3460}.Debug|Any CPU.Build.0 = Debug|Any CPU
		{EF9E91AA-0C33-44BF-B496-C3550EDD3460}.Debug|x64.ActiveCfg = Debug|Any CPU
		{EF9E91AA-0C33-44BF-B496-C3550EDD3460}.Debug|x64.Build.0 = Debug|Any CPU
		{EF9E91AA-0C33-44BF-B496-C3550EDD3460}.Debug|x86.ActiveCfg = Debug|Any CPU
		{EF9E91AA-0C33-44BF-B496-C3550EDD3460}.Debug|x86.Build.0 = Debug|Any CPU
		{EF9E91AA-0C33-44BF-B496-C3550EDD3460}.Release|Any CPU.ActiveCfg = Release|Any CPU
		{EF9E91AA-0C33-44BF-B496-C3550EDD3460}.Release|Any CPU.Build.0 = Release|Any CPU
		{EF9E91AA-0C33-44BF-B496-C3550EDD3460}.Release|x64.ActiveCfg = Release|Any CPU
		{EF9E91AA-0C33-44BF-B496-C3550EDD3460}.Release|x64.Build.0 = Release|Any CPU
		{EF9E91AA-0C33-44BF-B496-C3550EDD3460}.Release|x86.ActiveCfg = Release|Any CPU
		{EF9E91AA-0C33-44BF-B496-C3550EDD3460}.Release|x86.Build.0 = Release|Any CPU
		{A40CCC0D-0AC8-4710-8AD7-7513DDC65311}.Debug|Any CPU.ActiveCfg = Debug|Any CPU
		{A40CCC0D-0AC8-4710-8AD7-7513DDC65311}.Debug|Any CPU.Build.0 = Debug|Any CPU
		{A40CCC0D-0AC8-4710-8AD7-7513DDC65311}.Debug|x64.ActiveCfg = Debug|Any CPU
		{A40CCC0D-0AC8-4710-8AD7-7513DDC65311}.Debug|x64.Build.0 = Debug|Any CPU
		{A40CCC0D-0AC8-4710-8AD7-7513DDC65311}.Debug|x86.ActiveCfg = Debug|Any CPU
		{A40CCC0D-0AC8-4710-8AD7-7513DDC65311}.Debug|x86.Build.0 = Debug|Any CPU
		{A40CCC0D-0AC8-4710-8AD7-7513DDC65311}.Release|Any CPU.ActiveCfg = Release|Any CPU
		{A40CCC0D-0AC8-4710-8AD7-7513DDC65311}.Release|Any CPU.Build.0 = Release|Any CPU
		{A40CCC0D-0AC8-4710-8AD7-7513DDC65311}.Release|x64.ActiveCfg = Release|Any CPU
		{A40CCC0D-0AC8-4710-8AD7-7513DDC65311}.Release|x64.Build.0 = Release|Any CPU
		{A40CCC0D-0AC8-4710-8AD7-7513DDC65311}.Release|x86.ActiveCfg = Release|Any CPU
		{A40CCC0D-0AC8-4710-8AD7-7513DDC65311}.Release|x86.Build.0 = Release|Any CPU
		{BAE958CB-2B11-4B8E-A45F-A329350F94F5}.Debug|Any CPU.ActiveCfg = Debug|Any CPU
		{BAE958CB-2B11-4B8E-A45F-A329350F94F5}.Debug|Any CPU.Build.0 = Debug|Any CPU
		{BAE958CB-2B11-4B8E-A45F-A329350F94F5}.Debug|x64.ActiveCfg = Debug|Any CPU
		{BAE958CB-2B11-4B8E-A45F-A329350F94F5}.Debug|x64.Build.0 = Debug|Any CPU
		{BAE958CB-2B11-4B8E-A45F-A329350F94F5}.Debug|x86.ActiveCfg = Debug|Any CPU
		{BAE958CB-2B11-4B8E-A45F-A329350F94F5}.Debug|x86.Build.0 = Debug|Any CPU
		{BAE958CB-2B11-4B8E-A45F-A329350F94F5}.Release|Any CPU.ActiveCfg = Release|Any CPU
		{BAE958CB-2B11-4B8E-A45F-A329350F94F5}.Release|Any CPU.Build.0 = Release|Any CPU
		{BAE958CB-2B11-4B8E-A45F-A329350F94F5}.Release|x64.ActiveCfg = Release|Any CPU
		{BAE958CB-2B11-4B8E-A45F-A329350F94F5}.Release|x64.Build.0 = Release|Any CPU
		{BAE958CB-2B11-4B8E-A45F-A329350F94F5}.Release|x86.ActiveCfg = Release|Any CPU
		{BAE958CB-2B11-4B8E-A45F-A329350F94F5}.Release|x86.Build.0 = Release|Any CPU
		{34EB406E-384D-422B-A405-84D86CC2FBE5}.Debug|Any CPU.ActiveCfg = Debug|Any CPU
		{34EB406E-384D-422B-A405-84D86CC2FBE5}.Debug|Any CPU.Build.0 = Debug|Any CPU
		{34EB406E-384D-422B-A405-84D86CC2FBE5}.Debug|x64.ActiveCfg = Debug|Any CPU
		{34EB406E-384D-422B-A405-84D86CC2FBE5}.Debug|x64.Build.0 = Debug|Any CPU
		{34EB406E-384D-422B-A405-84D86CC2FBE5}.Debug|x86.ActiveCfg = Debug|Any CPU
		{34EB406E-384D-422B-A405-84D86CC2FBE5}.Debug|x86.Build.0 = Debug|Any CPU
		{34EB406E-384D-422B-A405-84D86CC2FBE5}.Release|Any CPU.ActiveCfg = Release|Any CPU
		{34EB406E-384D-422B-A405-84D86CC2FBE5}.Release|Any CPU.Build.0 = Release|Any CPU
		{34EB406E-384D-422B-A405-84D86CC2FBE5}.Release|x64.ActiveCfg = Release|Any CPU
		{34EB406E-384D-422B-A405-84D86CC2FBE5}.Release|x64.Build.0 = Release|Any CPU
		{34EB406E-384D-422B-A405-84D86CC2FBE5}.Release|x86.ActiveCfg = Release|Any CPU
		{34EB406E-384D-422B-A405-84D86CC2FBE5}.Release|x86.Build.0 = Release|Any CPU
		{476F3395-443E-434D-B2A8-56C0760AE1FC}.Debug|Any CPU.ActiveCfg = Debug|Any CPU
		{476F3395-443E-434D-B2A8-56C0760AE1FC}.Debug|Any CPU.Build.0 = Debug|Any CPU
		{476F3395-443E-434D-B2A8-56C0760AE1FC}.Debug|x64.ActiveCfg = Debug|Any CPU
		{476F3395-443E-434D-B2A8-56C0760AE1FC}.Debug|x64.Build.0 = Debug|Any CPU
		{476F3395-443E-434D-B2A8-56C0760AE1FC}.Debug|x86.ActiveCfg = Debug|Any CPU
		{476F3395-443E-434D-B2A8-56C0760AE1FC}.Debug|x86.Build.0 = Debug|Any CPU
		{476F3395-443E-434D-B2A8-56C0760AE1FC}.Release|Any CPU.ActiveCfg = Release|Any CPU
		{476F3395-443E-434D-B2A8-56C0760AE1FC}.Release|Any CPU.Build.0 = Release|Any CPU
		{476F3395-443E-434D-B2A8-56C0760AE1FC}.Release|x64.ActiveCfg = Release|Any CPU
		{476F3395-443E-434D-B2A8-56C0760AE1FC}.Release|x64.Build.0 = Release|Any CPU
		{476F3395-443E-434D-B2A8-56C0760AE1FC}.Release|x86.ActiveCfg = Release|Any CPU
		{476F3395-443E-434D-B2A8-56C0760AE1FC}.Release|x86.Build.0 = Release|Any CPU
		{B94566D6-F3E6-44CE-813E-D22D7995F523}.Debug|Any CPU.ActiveCfg = Debug|Any CPU
		{B94566D6-F3E6-44CE-813E-D22D7995F523}.Debug|Any CPU.Build.0 = Debug|Any CPU
		{B94566D6-F3E6-44CE-813E-D22D7995F523}.Debug|x64.ActiveCfg = Debug|Any CPU
		{B94566D6-F3E6-44CE-813E-D22D7995F523}.Debug|x64.Build.0 = Debug|Any CPU
		{B94566D6-F3E6-44CE-813E-D22D7995F523}.Debug|x86.ActiveCfg = Debug|Any CPU
		{B94566D6-F3E6-44CE-813E-D22D7995F523}.Debug|x86.Build.0 = Debug|Any CPU
		{B94566D6-F3E6-44CE-813E-D22D7995F523}.Release|Any CPU.ActiveCfg = Release|Any CPU
		{B94566D6-F3E6-44CE-813E-D22D7995F523}.Release|Any CPU.Build.0 = Release|Any CPU
		{B94566D6-F3E6-44CE-813E-D22D7995F523}.Release|x64.ActiveCfg = Release|Any CPU
		{B94566D6-F3E6-44CE-813E-D22D7995F523}.Release|x64.Build.0 = Release|Any CPU
		{B94566D6-F3E6-44CE-813E-D22D7995F523}.Release|x86.ActiveCfg = Release|Any CPU
		{B94566D6-F3E6-44CE-813E-D22D7995F523}.Release|x86.Build.0 = Release|Any CPU
	EndGlobalSection
	GlobalSection(SolutionProperties) = preSolution
		HideSolutionNode = FALSE
	EndGlobalSection
	GlobalSection(NestedProjects) = preSolution
		{EF9E91AA-0C33-44BF-B496-C3550EDD3460} = {02EA681E-C7D8-13C7-8484-4AC65E1B71E8}
		{BAE958CB-2B11-4B8E-A45F-A329350F94F5} = {8FA67FAB-0246-43F9-84E7-9AE927DB74AE}
		{34EB406E-384D-422B-A405-84D86CC2FBE5} = {8FA67FAB-0246-43F9-84E7-9AE927DB74AE}
		{476F3395-443E-434D-B2A8-56C0760AE1FC} = {8FA67FAB-0246-43F9-84E7-9AE927DB74AE}
		{B94566D6-F3E6-44CE-813E-D22D7995F523} = {8FA67FAB-0246-43F9-84E7-9AE927DB74AE}
	EndGlobalSection
	GlobalSection(ExtensibilityGlobals) = postSolution
		SolutionGuid = {12BAF417-FD84-450A-A6D5-ED253BBB2889}
	EndGlobalSection
EndGlobal
